
Microsoft Visual Studio Solution File, Format Version 12.00
# Visual Studio 14
VisualStudioVersion = 14.0.25420.1
MinimumVisualStudioVersion = 10.0.40219.1
Project("{FAE04EC0-301F-11D3-BF4B-00C04F79EFBC}") = "ListViewShowHide.Android", "ListViewShowHide\ListViewShowHide.Android\ListViewShowHide.Android.csproj", "{D7840284-915B-4624-82F7-CD9886E85523}"
EndProject
Project("{FAE04EC0-301F-11D3-BF4B-00C04F79EFBC}") = "ListViewShowHide", "ListViewShowHide\ListViewShowHide\ListViewShowHide.csproj", "{B1C73E73-12BF-4DD1-9B6E-8E670D442693}"
EndProject
Project("{FAE04EC0-301F-11D3-BF4B-00C04F79EFBC}") = "ListViewShowHide.UWP", "ListViewShowHide\ListViewShowHide.UWP\ListViewShowHide.UWP.csproj", "{302D84C2-25DB-4909-87AC-25A757DC5989}"
EndProject
Project("{FAE04EC0-301F-11D3-BF4B-00C04F79EFBC}") = "ListViewShowHide.iOS", "ListViewShowHide\ListViewShowHide.iOS\ListViewShowHide.iOS.csproj", "{DED22C2C-078C-481B-B577-0C2C9E63EB1D}"
EndProject
Global
	GlobalSection(SolutionConfigurationPlatforms) = preSolution
		Ad-Hoc|Any CPU = Ad-Hoc|Any CPU
		Ad-Hoc|ARM = Ad-Hoc|ARM
		Ad-Hoc|iPhone = Ad-Hoc|iPhone
		Ad-Hoc|iPhoneSimulator = Ad-Hoc|iPhoneSimulator
		Ad-Hoc|x64 = Ad-Hoc|x64
		Ad-Hoc|x86 = Ad-Hoc|x86
		AppStore|Any CPU = AppStore|Any CPU
		AppStore|ARM = AppStore|ARM
		AppStore|iPhone = AppStore|iPhone
		AppStore|iPhoneSimulator = AppStore|iPhoneSimulator
		AppStore|x64 = AppStore|x64
		AppStore|x86 = AppStore|x86
		Debug|Any CPU = Debug|Any CPU
		Debug|ARM = Debug|ARM
		Debug|iPhone = Debug|iPhone
		Debug|iPhoneSimulator = Debug|iPhoneSimulator
		Debug|x64 = Debug|x64
		Debug|x86 = Debug|x86
		Release|Any CPU = Release|Any CPU
		Release|ARM = Release|ARM
		Release|iPhone = Release|iPhone
		Release|iPhoneSimulator = Release|iPhoneSimulator
		Release|x64 = Release|x64
		Release|x86 = Release|x86
	EndGlobalSection
	GlobalSection(ProjectConfigurationPlatforms) = postSolution
		{D7840284-915B-4624-82F7-CD9886E85523}.Ad-Hoc|Any CPU.ActiveCfg = Release|Any CPU
		{D7840284-915B-4624-82F7-CD9886E85523}.Ad-Hoc|Any CPU.Build.0 = Release|Any CPU
		{D7840284-915B-4624-82F7-CD9886E85523}.Ad-Hoc|Any CPU.Deploy.0 = Release|Any CPU
		{D7840284-915B-4624-82F7-CD9886E85523}.Ad-Hoc|ARM.ActiveCfg = Release|Any CPU
		{D7840284-915B-4624-82F7-CD9886E85523}.Ad-Hoc|ARM.Build.0 = Release|Any CPU
		{D7840284-915B-4624-82F7-CD9886E85523}.Ad-Hoc|ARM.Deploy.0 = Release|Any CPU
		{D7840284-915B-4624-82F7-CD9886E85523}.Ad-Hoc|iPhone.ActiveCfg = Release|Any CPU
		{D7840284-915B-4624-82F7-CD9886E85523}.Ad-Hoc|iPhone.Build.0 = Release|Any CPU
		{D7840284-915B-4624-82F7-CD9886E85523}.Ad-Hoc|iPhone.Deploy.0 = Release|Any CPU
		{D7840284-915B-4624-82F7-CD9886E85523}.Ad-Hoc|iPhoneSimulator.ActiveCfg = Release|Any CPU
		{D7840284-915B-4624-82F7-CD9886E85523}.Ad-Hoc|iPhoneSimulator.Build.0 = Release|Any CPU
		{D7840284-915B-4624-82F7-CD9886E85523}.Ad-Hoc|iPhoneSimulator.Deploy.0 = Release|Any CPU
		{D7840284-915B-4624-82F7-CD9886E85523}.Ad-Hoc|x64.ActiveCfg = Release|Any CPU
		{D7840284-915B-4624-82F7-CD9886E85523}.Ad-Hoc|x64.Build.0 = Release|Any CPU
		{D7840284-915B-4624-82F7-CD9886E85523}.Ad-Hoc|x64.Deploy.0 = Release|Any CPU
		{D7840284-915B-4624-82F7-CD9886E85523}.Ad-Hoc|x86.ActiveCfg = Release|Any CPU
		{D7840284-915B-4624-82F7-CD9886E85523}.Ad-Hoc|x86.Build.0 = Release|Any CPU
		{D7840284-915B-4624-82F7-CD9886E85523}.Ad-Hoc|x86.Deploy.0 = Release|Any CPU
		{D7840284-915B-4624-82F7-CD9886E85523}.AppStore|Any CPU.ActiveCfg = Release|Any CPU
		{D7840284-915B-4624-82F7-CD9886E85523}.AppStore|Any CPU.Build.0 = Release|Any CPU
		{D7840284-915B-4624-82F7-CD9886E85523}.AppStore|Any CPU.Deploy.0 = Release|Any CPU
		{D7840284-915B-4624-82F7-CD9886E85523}.AppStore|ARM.ActiveCfg = Release|Any CPU
		{D7840284-915B-4624-82F7-CD9886E85523}.AppStore|ARM.Build.0 = Release|Any CPU
		{D7840284-915B-4624-82F7-CD9886E85523}.AppStore|ARM.Deploy.0 = Release|Any CPU
		{D7840284-915B-4624-82F7-CD9886E85523}.AppStore|iPhone.ActiveCfg = Release|Any CPU
		{D7840284-915B-4624-82F7-CD9886E85523}.AppStore|iPhone.Build.0 = Release|Any CPU
		{D7840284-915B-4624-82F7-CD9886E85523}.AppStore|iPhone.Deploy.0 = Release|Any CPU
		{D7840284-915B-4624-82F7-CD9886E85523}.AppStore|iPhoneSimulator.ActiveCfg = Release|Any CPU
		{D7840284-915B-4624-82F7-CD9886E85523}.AppStore|iPhoneSimulator.Build.0 = Release|Any CPU
		{D7840284-915B-4624-82F7-CD9886E85523}.AppStore|iPhoneSimulator.Deploy.0 = Release|Any CPU
		{D7840284-915B-4624-82F7-CD9886E85523}.AppStore|x64.ActiveCfg = Release|Any CPU
		{D7840284-915B-4624-82F7-CD9886E85523}.AppStore|x64.Build.0 = Release|Any CPU
		{D7840284-915B-4624-82F7-CD9886E85523}.AppStore|x64.Deploy.0 = Release|Any CPU
		{D7840284-915B-4624-82F7-CD9886E85523}.AppStore|x86.ActiveCfg = Release|Any CPU
		{D7840284-915B-4624-82F7-CD9886E85523}.AppStore|x86.Build.0 = Release|Any CPU
		{D7840284-915B-4624-82F7-CD9886E85523}.AppStore|x86.Deploy.0 = Release|Any CPU
		{D7840284-915B-4624-82F7-CD9886E85523}.Debug|Any CPU.ActiveCfg = Debug|Any CPU
		{D7840284-915B-4624-82F7-CD9886E85523}.Debug|Any CPU.Build.0 = Debug|Any CPU
		{D7840284-915B-4624-82F7-CD9886E85523}.Debug|Any CPU.Deploy.0 = Debug|Any CPU
		{D7840284-915B-4624-82F7-CD9886E85523}.Debug|ARM.ActiveCfg = Debug|Any CPU
		{D7840284-915B-4624-82F7-CD9886E85523}.Debug|ARM.Build.0 = Debug|Any CPU
		{D7840284-915B-4624-82F7-CD9886E85523}.Debug|ARM.Deploy.0 = Debug|Any CPU
		{D7840284-915B-4624-82F7-CD9886E85523}.Debug|iPhone.ActiveCfg = Debug|Any CPU
		{D7840284-915B-4624-82F7-CD9886E85523}.Debug|iPhone.Build.0 = Debug|Any CPU
		{D7840284-915B-4624-82F7-CD9886E85523}.Debug|iPhone.Deploy.0 = Debug|Any CPU
		{D7840284-915B-4624-82F7-CD9886E85523}.Debug|iPhoneSimulator.ActiveCfg = Debug|Any CPU
		{D7840284-915B-4624-82F7-CD9886E85523}.Debug|iPhoneSimulator.Build.0 = Debug|Any CPU
		{D7840284-915B-4624-82F7-CD9886E85523}.Debug|iPhoneSimulator.Deploy.0 = Debug|Any CPU
		{D7840284-915B-4624-82F7-CD9886E85523}.Debug|x64.ActiveCfg = Debug|Any CPU
		{D7840284-915B-4624-82F7-CD9886E85523}.Debug|x64.Build.0 = Debug|Any CPU
		{D7840284-915B-4624-82F7-CD9886E85523}.Debug|x64.Deploy.0 = Debug|Any CPU
		{D7840284-915B-4624-82F7-CD9886E85523}.Debug|x86.ActiveCfg = Debug|Any CPU
		{D7840284-915B-4624-82F7-CD9886E85523}.Debug|x86.Build.0 = Debug|Any CPU
		{D7840284-915B-4624-82F7-CD9886E85523}.Debug|x86.Deploy.0 = Debug|Any CPU
		{D7840284-915B-4624-82F7-CD9886E85523}.Release|Any CPU.ActiveCfg = Release|Any CPU
		{D7840284-915B-4624-82F7-CD9886E85523}.Release|Any CPU.Build.0 = Release|Any CPU
		{D7840284-915B-4624-82F7-CD9886E85523}.Release|Any CPU.Deploy.0 = Release|Any CPU
		{D7840284-915B-4624-82F7-CD9886E85523}.Release|ARM.ActiveCfg = Release|Any CPU
		{D7840284-915B-4624-82F7-CD9886E85523}.Release|ARM.Build.0 = Release|Any CPU
		{D7840284-915B-4624-82F7-CD9886E85523}.Release|ARM.Deploy.0 = Release|Any CPU
		{D7840284-915B-4624-82F7-CD9886E85523}.Release|iPhone.ActiveCfg = Release|Any CPU
		{D7840284-915B-4624-82F7-CD9886E85523}.Release|iPhone.Build.0 = Release|Any CPU
		{D7840284-915B-4624-82F7-CD9886E85523}.Release|iPhone.Deploy.0 = Release|Any CPU
		{D7840284-915B-4624-82F7-CD9886E85523}.Release|iPhoneSimulator.ActiveCfg = Release|Any CPU
		{D7840284-915B-4624-82F7-CD9886E85523}.Release|iPhoneSimulator.Build.0 = Release|Any CPU
		{D7840284-915B-4624-82F7-CD9886E85523}.Release|iPhoneSimulator.Deploy.0 = Release|Any CPU
		{D7840284-915B-4624-82F7-CD9886E85523}.Release|x64.ActiveCfg = Release|Any CPU
		{D7840284-915B-4624-82F7-CD9886E85523}.Release|x64.Build.0 = Release|Any CPU
		{D7840284-915B-4624-82F7-CD9886E85523}.Release|x64.Deploy.0 = Release|Any CPU
		{D7840284-915B-4624-82F7-CD9886E85523}.Release|x86.ActiveCfg = Release|Any CPU
		{D7840284-915B-4624-82F7-CD9886E85523}.Release|x86.Build.0 = Release|Any CPU
		{D7840284-915B-4624-82F7-CD9886E85523}.Release|x86.Deploy.0 = Release|Any CPU
		{B1C73E73-12BF-4DD1-9B6E-8E670D442693}.Ad-Hoc|Any CPU.ActiveCfg = Release|Any CPU
		{B1C73E73-12BF-4DD1-9B6E-8E670D442693}.Ad-Hoc|Any CPU.Build.0 = Release|Any CPU
		{B1C73E73-12BF-4DD1-9B6E-8E670D442693}.Ad-Hoc|ARM.ActiveCfg = Release|Any CPU
		{B1C73E73-12BF-4DD1-9B6E-8E670D442693}.Ad-Hoc|ARM.Build.0 = Release|Any CPU
		{B1C73E73-12BF-4DD1-9B6E-8E670D442693}.Ad-Hoc|iPhone.ActiveCfg = Release|Any CPU
		{B1C73E73-12BF-4DD1-9B6E-8E670D442693}.Ad-Hoc|iPhone.Build.0 = Release|Any CPU
		{B1C73E73-12BF-4DD1-9B6E-8E670D442693}.Ad-Hoc|iPhoneSimulator.ActiveCfg = Release|Any CPU
		{B1C73E73-12BF-4DD1-9B6E-8E670D442693}.Ad-Hoc|iPhoneSimulator.Build.0 = Release|Any CPU
		{B1C73E73-12BF-4DD1-9B6E-8E670D442693}.Ad-Hoc|x64.ActiveCfg = Release|Any CPU
		{B1C73E73-12BF-4DD1-9B6E-8E670D442693}.Ad-Hoc|x64.Build.0 = Release|Any CPU
		{B1C73E73-12BF-4DD1-9B6E-8E670D442693}.Ad-Hoc|x86.ActiveCfg = Release|Any CPU
		{B1C73E73-12BF-4DD1-9B6E-8E670D442693}.Ad-Hoc|x86.Build.0 = Release|Any CPU
		{B1C73E73-12BF-4DD1-9B6E-8E670D442693}.AppStore|Any CPU.ActiveCfg = Release|Any CPU
		{B1C73E73-12BF-4DD1-9B6E-8E670D442693}.AppStore|Any CPU.Build.0 = Release|Any CPU
		{B1C73E73-12BF-4DD1-9B6E-8E670D442693}.AppStore|ARM.ActiveCfg = Release|Any CPU
		{B1C73E73-12BF-4DD1-9B6E-8E670D442693}.AppStore|ARM.Build.0 = Release|Any CPU
		{B1C73E73-12BF-4DD1-9B6E-8E670D442693}.AppStore|iPhone.ActiveCfg = Release|Any CPU
		{B1C73E73-12BF-4DD1-9B6E-8E670D442693}.AppStore|iPhone.Build.0 = Release|Any CPU
		{B1C73E73-12BF-4DD1-9B6E-8E670D442693}.AppStore|iPhoneSimulator.ActiveCfg = Release|Any CPU
		{B1C73E73-12BF-4DD1-9B6E-8E670D442693}.AppStore|iPhoneSimulator.Build.0 = Release|Any CPU
		{B1C73E73-12BF-4DD1-9B6E-8E670D442693}.AppStore|x64.ActiveCfg = Release|Any CPU
		{B1C73E73-12BF-4DD1-9B6E-8E670D442693}.AppStore|x64.Build.0 = Release|Any CPU
		{B1C73E73-12BF-4DD1-9B6E-8E670D442693}.AppStore|x86.ActiveCfg = Release|Any CPU
		{B1C73E73-12BF-4DD1-9B6E-8E670D442693}.AppStore|x86.Build.0 = Release|Any CPU
		{B1C73E73-12BF-4DD1-9B6E-8E670D442693}.Debug|Any CPU.ActiveCfg = Debug|Any CPU
		{B1C73E73-12BF-4DD1-9B6E-8E670D442693}.Debug|Any CPU.Build.0 = Debug|Any CPU
		{B1C73E73-12BF-4DD1-9B6E-8E670D442693}.Debug|ARM.ActiveCfg = Debug|Any CPU
		{B1C73E73-12BF-4DD1-9B6E-8E670D442693}.Debug|ARM.Build.0 = Debug|Any CPU
		{B1C73E73-12BF-4DD1-9B6E-8E670D442693}.Debug|iPhone.ActiveCfg = Debug|Any CPU
		{B1C73E73-12BF-4DD1-9B6E-8E670D442693}.Debug|iPhone.Build.0 = Debug|Any CPU
		{B1C73E73-12BF-4DD1-9B6E-8E670D442693}.Debug|iPhoneSimulator.ActiveCfg = Debug|Any CPU
		{B1C73E73-12BF-4DD1-9B6E-8E670D442693}.Debug|iPhoneSimulator.Build.0 = Debug|Any CPU
		{B1C73E73-12BF-4DD1-9B6E-8E670D442693}.Debug|x64.ActiveCfg = Debug|Any CPU
		{B1C73E73-12BF-4DD1-9B6E-8E670D442693}.Debug|x64.Build.0 = Debug|Any CPU
		{B1C73E73-12BF-4DD1-9B6E-8E670D442693}.Debug|x86.ActiveCfg = Debug|Any CPU
		{B1C73E73-12BF-4DD1-9B6E-8E670D442693}.Debug|x86.Build.0 = Debug|Any CPU
		{B1C73E73-12BF-4DD1-9B6E-8E670D442693}.Release|Any CPU.ActiveCfg = Release|Any CPU
		{B1C73E73-12BF-4DD1-9B6E-8E670D442693}.Release|Any CPU.Build.0 = Release|Any CPU
		{B1C73E73-12BF-4DD1-9B6E-8E670D442693}.Release|ARM.ActiveCfg = Release|Any CPU
		{B1C73E73-12BF-4DD1-9B6E-8E670D442693}.Release|ARM.Build.0 = Release|Any CPU
		{B1C73E73-12BF-4DD1-9B6E-8E670D442693}.Release|iPhone.ActiveCfg = Release|Any CPU
		{B1C73E73-12BF-4DD1-9B6E-8E670D442693}.Release|iPhone.Build.0 = Release|Any CPU
		{B1C73E73-12BF-4DD1-9B6E-8E670D442693}.Release|iPhoneSimulator.ActiveCfg = Release|Any CPU
		{B1C73E73-12BF-4DD1-9B6E-8E670D442693}.Release|iPhoneSimulator.Build.0 = Release|Any CPU
		{B1C73E73-12BF-4DD1-9B6E-8E670D442693}.Release|x64.ActiveCfg = Release|Any CPU
		{B1C73E73-12BF-4DD1-9B6E-8E670D442693}.Release|x64.Build.0 = Release|Any CPU
		{B1C73E73-12BF-4DD1-9B6E-8E670D442693}.Release|x86.ActiveCfg = Release|Any CPU
		{B1C73E73-12BF-4DD1-9B6E-8E670D442693}.Release|x86.Build.0 = Release|Any CPU
		{302D84C2-25DB-4909-87AC-25A757DC5989}.Ad-Hoc|Any CPU.ActiveCfg = Release|x86
		{302D84C2-25DB-4909-87AC-25A757DC5989}.Ad-Hoc|Any CPU.Build.0 = Release|x86
		{302D84C2-25DB-4909-87AC-25A757DC5989}.Ad-Hoc|Any CPU.Deploy.0 = Release|x86
		{302D84C2-25DB-4909-87AC-25A757DC5989}.Ad-Hoc|ARM.ActiveCfg = Release|ARM
		{302D84C2-25DB-4909-87AC-25A757DC5989}.Ad-Hoc|ARM.Build.0 = Release|ARM
		{302D84C2-25DB-4909-87AC-25A757DC5989}.Ad-Hoc|ARM.Deploy.0 = Release|ARM
		{302D84C2-25DB-4909-87AC-25A757DC5989}.Ad-Hoc|iPhone.ActiveCfg = Release|x86
		{302D84C2-25DB-4909-87AC-25A757DC5989}.Ad-Hoc|iPhone.Build.0 = Release|x86
		{302D84C2-25DB-4909-87AC-25A757DC5989}.Ad-Hoc|iPhone.Deploy.0 = Release|x86
		{302D84C2-25DB-4909-87AC-25A757DC5989}.Ad-Hoc|iPhoneSimulator.ActiveCfg = Release|x86
		{302D84C2-25DB-4909-87AC-25A757DC5989}.Ad-Hoc|iPhoneSimulator.Build.0 = Release|x86
		{302D84C2-25DB-4909-87AC-25A757DC5989}.Ad-Hoc|iPhoneSimulator.Deploy.0 = Release|x86
		{302D84C2-25DB-4909-87AC-25A757DC5989}.Ad-Hoc|x64.ActiveCfg = Release|x64
		{302D84C2-25DB-4909-87AC-25A757DC5989}.Ad-Hoc|x64.Build.0 = Release|x64
		{302D84C2-25DB-4909-87AC-25A757DC5989}.Ad-Hoc|x64.Deploy.0 = Release|x64
		{302D84C2-25DB-4909-87AC-25A757DC5989}.Ad-Hoc|x86.ActiveCfg = Release|x86
		{302D84C2-25DB-4909-87AC-25A757DC5989}.Ad-Hoc|x86.Build.0 = Release|x86
		{302D84C2-25DB-4909-87AC-25A757DC5989}.Ad-Hoc|x86.Deploy.0 = Release|x86
		{302D84C2-25DB-4909-87AC-25A757DC5989}.AppStore|Any CPU.ActiveCfg = Release|x86
		{302D84C2-25DB-4909-87AC-25A757DC5989}.AppStore|Any CPU.Build.0 = Release|x86
		{302D84C2-25DB-4909-87AC-25A757DC5989}.AppStore|Any CPU.Deploy.0 = Release|x86
		{302D84C2-25DB-4909-87AC-25A757DC5989}.AppStore|ARM.ActiveCfg = Release|ARM
		{302D84C2-25DB-4909-87AC-25A757DC5989}.AppStore|ARM.Build.0 = Release|ARM
		{302D84C2-25DB-4909-87AC-25A757DC5989}.AppStore|ARM.Deploy.0 = Release|ARM
		{302D84C2-25DB-4909-87AC-25A757DC5989}.AppStore|iPhone.ActiveCfg = Release|x86
		{302D84C2-25DB-4909-87AC-25A757DC5989}.AppStore|iPhone.Build.0 = Release|x86
		{302D84C2-25DB-4909-87AC-25A757DC5989}.AppStore|iPhone.Deploy.0 = Release|x86
		{302D84C2-25DB-4909-87AC-25A757DC5989}.AppStore|iPhoneSimulator.ActiveCfg = Release|x86
		{302D84C2-25DB-4909-87AC-25A757DC5989}.AppStore|iPhoneSimulator.Build.0 = Release|x86
		{302D84C2-25DB-4909-87AC-25A757DC5989}.AppStore|iPhoneSimulator.Deploy.0 = Release|x86
		{302D84C2-25DB-4909-87AC-25A757DC5989}.AppStore|x64.ActiveCfg = Release|x64
		{302D84C2-25DB-4909-87AC-25A757DC5989}.AppStore|x64.Build.0 = Release|x64
		{302D84C2-25DB-4909-87AC-25A757DC5989}.AppStore|x64.Deploy.0 = Release|x64
		{302D84C2-25DB-4909-87AC-25A757DC5989}.AppStore|x86.ActiveCfg = Release|x86
		{302D84C2-25DB-4909-87AC-25A757DC5989}.AppStore|x86.Build.0 = Release|x86
		{302D84C2-25DB-4909-87AC-25A757DC5989}.AppStore|x86.Deploy.0 = Release|x86
		{302D84C2-25DB-4909-87AC-25A757DC5989}.Debug|Any CPU.ActiveCfg = Debug|x86
		{302D84C2-25DB-4909-87AC-25A757DC5989}.Debug|ARM.ActiveCfg = Debug|ARM
		{302D84C2-25DB-4909-87AC-25A757DC5989}.Debug|ARM.Build.0 = Debug|ARM
		{302D84C2-25DB-4909-87AC-25A757DC5989}.Debug|ARM.Deploy.0 = Debug|ARM
		{302D84C2-25DB-4909-87AC-25A757DC5989}.Debug|iPhone.ActiveCfg = Debug|x86
		{302D84C2-25DB-4909-87AC-25A757DC5989}.Debug|iPhoneSimulator.ActiveCfg = Debug|x86
		{302D84C2-25DB-4909-87AC-25A757DC5989}.Debug|x64.ActiveCfg = Debug|x64
		{302D84C2-25DB-4909-87AC-25A757DC5989}.Debug|x64.Build.0 = Debug|x64
		{302D84C2-25DB-4909-87AC-25A757DC5989}.Debug|x64.Deploy.0 = Debug|x64
		{302D84C2-25DB-4909-87AC-25A757DC5989}.Debug|x86.ActiveCfg = Debug|x86
		{302D84C2-25DB-4909-87AC-25A757DC5989}.Debug|x86.Build.0 = Debug|x86
		{302D84C2-25DB-4909-87AC-25A757DC5989}.Debug|x86.Deploy.0 = Debug|x86
		{302D84C2-25DB-4909-87AC-25A757DC5989}.Release|Any CPU.ActiveCfg = Release|x86
		{302D84C2-25DB-4909-87AC-25A757DC5989}.Release|ARM.ActiveCfg = Release|ARM
		{302D84C2-25DB-4909-87AC-25A757DC5989}.Release|ARM.Build.0 = Release|ARM
		{302D84C2-25DB-4909-87AC-25A757DC5989}.Release|ARM.Deploy.0 = Release|ARM
		{302D84C2-25DB-4909-87AC-25A757DC5989}.Release|iPhone.ActiveCfg = Release|x86
		{302D84C2-25DB-4909-87AC-25A757DC5989}.Release|iPhoneSimulator.ActiveCfg = Release|x86
		{302D84C2-25DB-4909-87AC-25A757DC5989}.Release|x64.ActiveCfg = Release|x64
		{302D84C2-25DB-4909-87AC-25A757DC5989}.Release|x64.Build.0 = Release|x64
		{302D84C2-25DB-4909-87AC-25A757DC5989}.Release|x64.Deploy.0 = Release|x64
		{302D84C2-25DB-4909-87AC-25A757DC5989}.Release|x86.ActiveCfg = Release|x86
		{302D84C2-25DB-4909-87AC-25A757DC5989}.Release|x86.Build.0 = Release|x86
		{302D84C2-25DB-4909-87AC-25A757DC5989}.Release|x86.Deploy.0 = Release|x86
		{DED22C2C-078C-481B-B577-0C2C9E63EB1D}.Ad-Hoc|Any CPU.ActiveCfg = Ad-Hoc|iPhone
		{DED22C2C-078C-481B-B577-0C2C9E63EB1D}.Ad-Hoc|ARM.ActiveCfg = Ad-Hoc|iPhone
		{DED22C2C-078C-481B-B577-0C2C9E63EB1D}.Ad-Hoc|iPhone.ActiveCfg = Ad-Hoc|iPhone
		{DED22C2C-078C-481B-B577-0C2C9E63EB1D}.Ad-Hoc|iPhone.Build.0 = Ad-Hoc|iPhone
		{DED22C2C-078C-481B-B577-0C2C9E63EB1D}.Ad-Hoc|iPhoneSimulator.ActiveCfg = Ad-Hoc|iPhoneSimulator
		{DED22C2C-078C-481B-B577-0C2C9E63EB1D}.Ad-Hoc|iPhoneSimulator.Build.0 = Ad-Hoc|iPhoneSimulator
		{DED22C2C-078C-481B-B577-0C2C9E63EB1D}.Ad-Hoc|x64.ActiveCfg = Ad-Hoc|iPhone
		{DED22C2C-078C-481B-B577-0C2C9E63EB1D}.Ad-Hoc|x86.ActiveCfg = Ad-Hoc|iPhone
		{DED22C2C-078C-481B-B577-0C2C9E63EB1D}.AppStore|Any CPU.ActiveCfg = AppStore|iPhone
		{DED22C2C-078C-481B-B577-0C2C9E63EB1D}.AppStore|ARM.ActiveCfg = AppStore|iPhone
		{DED22C2C-078C-481B-B577-0C2C9E63EB1D}.AppStore|iPhone.ActiveCfg = AppStore|iPhone
		{DED22C2C-078C-481B-B577-0C2C9E63EB1D}.AppStore|iPhone.Build.0 = AppStore|iPhone
		{DED22C2C-078C-481B-B577-0C2C9E63EB1D}.AppStore|iPhoneSimulator.ActiveCfg = AppStore|iPhoneSimulator
		{DED22C2C-078C-481B-B577-0C2C9E63EB1D}.AppStore|iPhoneSimulator.Build.0 = AppStore|iPhoneSimulator
		{DED22C2C-078C-481B-B577-0C2C9E63EB1D}.AppStore|x64.ActiveCfg = AppStore|iPhone
		{DED22C2C-078C-481B-B577-0C2C9E63EB1D}.AppStore|x86.ActiveCfg = AppStore|iPhone
		{DED22C2C-078C-481B-B577-0C2C9E63EB1D}.Debug|Any CPU.ActiveCfg = Debug|iPhone
		{DED22C2C-078C-481B-B577-0C2C9E63EB1D}.Debug|ARM.ActiveCfg = Debug|iPhone
		{DED22C2C-078C-481B-B577-0C2C9E63EB1D}.Debug|iPhone.ActiveCfg = Debug|iPhone
		{DED22C2C-078C-481B-B577-0C2C9E63EB1D}.Debug|iPhone.Build.0 = Debug|iPhone
		{DED22C2C-078C-481B-B577-0C2C9E63EB1D}.Debug|iPhoneSimulator.ActiveCfg = Debug|iPhoneSimulator
		{DED22C2C-078C-481B-B577-0C2C9E63EB1D}.Debug|iPhoneSimulator.Build.0 = Debug|iPhoneSimulator
		{DED22C2C-078C-481B-B577-0C2C9E63EB1D}.Debug|x64.ActiveCfg = Debug|iPhone
		{DED22C2C-078C-481B-B577-0C2C9E63EB1D}.Debug|x86.ActiveCfg = Debug|iPhone
		{DED22C2C-078C-481B-B577-0C2C9E63EB1D}.Release|Any CPU.ActiveCfg = Release|iPhone
		{DED22C2C-078C-481B-B577-0C2C9E63EB1D}.Release|ARM.ActiveCfg = Release|iPhone
		{DED22C2C-078C-481B-B577-0C2C9E63EB1D}.Release|iPhone.ActiveCfg = Release|iPhone
		{DED22C2C-078C-481B-B577-0C2C9E63EB1D}.Release|iPhone.Build.0 = Release|iPhone
		{DED22C2C-078C-481B-B577-0C2C9E63EB1D}.Release|iPhoneSimulator.ActiveCfg = Release|iPhoneSimulator
		{DED22C2C-078C-481B-B577-0C2C9E63EB1D}.Release|iPhoneSimulator.Build.0 = Release|iPhoneSimulator
		{DED22C2C-078C-481B-B577-0C2C9E63EB1D}.Release|x64.ActiveCfg = Release|iPhone
		{DED22C2C-078C-481B-B577-0C2C9E63EB1D}.Release|x86.ActiveCfg = Release|iPhone
	EndGlobalSection
	GlobalSection(SolutionProperties) = preSolution
		HideSolutionNode = FALSE
	EndGlobalSection
EndGlobal
